// !$*UTF8*$!
{
	archiveVersion = 1;
	classes = {
	};
	objectVersion = 50;
	objects = {

/* Begin PBXBuildFile section */
		3267595122D8CA9300C81260 /* AppDelegate.swift in Sources */ = {isa = PBXBuildFile; fileRef = 3267595022D8CA9300C81260 /* AppDelegate.swift */; };
		3267595322D8CA9300C81260 /* SceneDelegate.swift in Sources */ = {isa = PBXBuildFile; fileRef = 3267595222D8CA9300C81260 /* SceneDelegate.swift */; };
		3267595522D8CA9300C81260 /* ContentView.swift in Sources */ = {isa = PBXBuildFile; fileRef = 3267595422D8CA9300C81260 /* ContentView.swift */; };
		3267595722D8CA9400C81260 /* Assets.xcassets in Resources */ = {isa = PBXBuildFile; fileRef = 3267595622D8CA9400C81260 /* Assets.xcassets */; };
		3267595A22D8CA9400C81260 /* Preview Assets.xcassets in Resources */ = {isa = PBXBuildFile; fileRef = 3267595922D8CA9400C81260 /* Preview Assets.xcassets */; };
		3267595D22D8CA9400C81260 /* LaunchScreen.storyboard in Resources */ = {isa = PBXBuildFile; fileRef = 3267595B22D8CA9400C81260 /* LaunchScreen.storyboard */; };
		3267596B22D8CAAA00C81260 /* AppDelegate.swift in Sources */ = {isa = PBXBuildFile; fileRef = 3267596A22D8CAAA00C81260 /* AppDelegate.swift */; };
		3267596D22D8CAAA00C81260 /* SceneDelegate.swift in Sources */ = {isa = PBXBuildFile; fileRef = 3267596C22D8CAAA00C81260 /* SceneDelegate.swift */; };
		3267596F22D8CAAA00C81260 /* ContentView.swift in Sources */ = {isa = PBXBuildFile; fileRef = 3267596E22D8CAAA00C81260 /* ContentView.swift */; };
		3267597122D8CAAB00C81260 /* Assets.xcassets in Resources */ = {isa = PBXBuildFile; fileRef = 3267597022D8CAAB00C81260 /* Assets.xcassets */; };
		3267597422D8CAAB00C81260 /* Preview Assets.xcassets in Resources */ = {isa = PBXBuildFile; fileRef = 3267597322D8CAAB00C81260 /* Preview Assets.xcassets */; };
		3267597722D8CAAB00C81260 /* LaunchScreen.storyboard in Resources */ = {isa = PBXBuildFile; fileRef = 3267597522D8CAAB00C81260 /* LaunchScreen.storyboard */; };
		3267597F22D8CBFA00C81260 /* TodayView.swift in Sources */ = {isa = PBXBuildFile; fileRef = 3267597E22D8CBFA00C81260 /* TodayView.swift */; };
/* End PBXBuildFile section */

/* Begin PBXFileReference section */
		3267594D22D8CA9300C81260 /* SwiftUIExamples.app */ = {isa = PBXFileReference; explicitFileType = wrapper.application; includeInIndex = 0; path = SwiftUIExamples.app; sourceTree = BUILT_PRODUCTS_DIR; };
		3267595022D8CA9300C81260 /* AppDelegate.swift */ = {isa = PBXFileReference; lastKnownFileType = sourcecode.swift; path = AppDelegate.swift; sourceTree = "<group>"; };
		3267595222D8CA9300C81260 /* SceneDelegate.swift */ = {isa = PBXFileReference; lastKnownFileType = sourcecode.swift; path = SceneDelegate.swift; sourceTree = "<group>"; };
		3267595422D8CA9300C81260 /* ContentView.swift */ = {isa = PBXFileReference; lastKnownFileType = sourcecode.swift; path = ContentView.swift; sourceTree = "<group>"; };
		3267595622D8CA9400C81260 /* Assets.xcassets */ = {isa = PBXFileReference; lastKnownFileType = folder.assetcatalog; path = Assets.xcassets; sourceTree = "<group>"; };
		3267595922D8CA9400C81260 /* Preview Assets.xcassets */ = {isa = PBXFileReference; lastKnownFileType = folder.assetcatalog; path = "Preview Assets.xcassets"; sourceTree = "<group>"; };
		3267595C22D8CA9400C81260 /* Base */ = {isa = PBXFileReference; lastKnownFileType = file.storyboard; name = Base; path = Base.lproj/LaunchScreen.storyboard; sourceTree = "<group>"; };
		3267595E22D8CA9400C81260 /* Info.plist */ = {isa = PBXFileReference; lastKnownFileType = text.plist.xml; path = Info.plist; sourceTree = "<group>"; };
		3267596822D8CAAA00C81260 /* AppStore.app */ = {isa = PBXFileReference; explicitFileType = wrapper.application; includeInIndex = 0; path = AppStore.app; sourceTree = BUILT_PRODUCTS_DIR; };
		3267596A22D8CAAA00C81260 /* AppDelegate.swift */ = {isa = PBXFileReference; lastKnownFileType = sourcecode.swift; path = AppDelegate.swift; sourceTree = "<group>"; };
		3267596C22D8CAAA00C81260 /* SceneDelegate.swift */ = {isa = PBXFileReference; lastKnownFileType = sourcecode.swift; path = SceneDelegate.swift; sourceTree = "<group>"; };
		3267596E22D8CAAA00C81260 /* ContentView.swift */ = {isa = PBXFileReference; lastKnownFileType = sourcecode.swift; path = ContentView.swift; sourceTree = "<group>"; };
		3267597022D8CAAB00C81260 /* Assets.xcassets */ = {isa = PBXFileReference; lastKnownFileType = folder.assetcatalog; path = Assets.xcassets; sourceTree = "<group>"; };
		3267597322D8CAAB00C81260 /* Preview Assets.xcassets */ = {isa = PBXFileReference; lastKnownFileType = folder.assetcatalog; path = "Preview Assets.xcassets"; sourceTree = "<group>"; };
		3267597622D8CAAB00C81260 /* Base */ = {isa = PBXFileReference; lastKnownFileType = file.storyboard; name = Base; path = Base.lproj/LaunchScreen.storyboard; sourceTree = "<group>"; };
		3267597822D8CAAB00C81260 /* Info.plist */ = {isa = PBXFileReference; lastKnownFileType = text.plist.xml; path = Info.plist; sourceTree = "<group>"; };
		3267597D22D8CB5D00C81260 /* README.md */ = {isa = PBXFileReference; lastKnownFileType = net.daringfireball.markdown; path = README.md; sourceTree = "<group>"; };
		3267597E22D8CBFA00C81260 /* TodayView.swift */ = {isa = PBXFileReference; lastKnownFileType = sourcecode.swift; path = TodayView.swift; sourceTree = "<group>"; };
/* End PBXFileReference section */

/* Begin PBXFrameworksBuildPhase section */
		3267594A22D8CA9300C81260 /* Frameworks */ = {
			isa = PBXFrameworksBuildPhase;
			buildActionMask = 2147483647;
			files = (
			);
			runOnlyForDeploymentPostprocessing = 0;
		};
		3267596522D8CAAA00C81260 /* Frameworks */ = {
			isa = PBXFrameworksBuildPhase;
			buildActionMask = 2147483647;
			files = (
			);
			runOnlyForDeploymentPostprocessing = 0;
		};
/* End PBXFrameworksBuildPhase section */

/* Begin PBXGroup section */
		3267594422D8CA9300C81260 = {
			isa = PBXGroup;
			children = (
				3267597D22D8CB5D00C81260 /* README.md */,
				3267597C22D8CAEA00C81260 /* Shared */,
				3267594F22D8CA9300C81260 /* SwiftUIExamples */,
				3267596922D8CAAA00C81260 /* AppStore */,
				3267594E22D8CA9300C81260 /* Products */,
			);
			sourceTree = "<group>";
		};
		3267594E22D8CA9300C81260 /* Products */ = {
			isa = PBXGroup;
			children = (
				3267594D22D8CA9300C81260 /* SwiftUIExamples.app */,
				3267596822D8CAAA00C81260 /* AppStore.app */,
			);
			name = Products;
			sourceTree = "<group>";
		};
		3267594F22D8CA9300C81260 /* SwiftUIExamples */ = {
			isa = PBXGroup;
			children = (
				3267595022D8CA9300C81260 /* AppDelegate.swift */,
				3267595222D8CA9300C81260 /* SceneDelegate.swift */,
				3267595422D8CA9300C81260 /* ContentView.swift */,
				3267595622D8CA9400C81260 /* Assets.xcassets */,
				3267595B22D8CA9400C81260 /* LaunchScreen.storyboard */,
				3267595E22D8CA9400C81260 /* Info.plist */,
				3267595822D8CA9400C81260 /* Preview Content */,
			);
			path = SwiftUIExamples;
			sourceTree = "<group>";
		};
		3267595822D8CA9400C81260 /* Preview Content */ = {
			isa = PBXGroup;
			children = (
				3267595922D8CA9400C81260 /* Preview Assets.xcassets */,
			);
			path = "Preview Content";
			sourceTree = "<group>";
		};
		3267596922D8CAAA00C81260 /* AppStore */ = {
			isa = PBXGroup;
			children = (
				3267596A22D8CAAA00C81260 /* AppDelegate.swift */,
				3267596C22D8CAAA00C81260 /* SceneDelegate.swift */,
				3267596E22D8CAAA00C81260 /* ContentView.swift */,
				3267597E22D8CBFA00C81260 /* TodayView.swift */,
				3267597022D8CAAB00C81260 /* Assets.xcassets */,
				3267597522D8CAAB00C81260 /* LaunchScreen.storyboard */,
				3267597822D8CAAB00C81260 /* Info.plist */,
				3267597222D8CAAB00C81260 /* Preview Content */,
			);
			path = AppStore;
			sourceTree = "<group>";
		};
		3267597222D8CAAB00C81260 /* Preview Content */ = {
			isa = PBXGroup;
			children = (
				3267597322D8CAAB00C81260 /* Preview Assets.xcassets */,
			);
			path = "Preview Content";
			sourceTree = "<group>";
		};
		3267597C22D8CAEA00C81260 /* Shared */ = {
			isa = PBXGroup;
			children = (
			);
			path = Shared;
			sourceTree = "<group>";
		};
/* End PBXGroup section */

/* Begin PBXNativeTarget section */
		3267594C22D8CA9300C81260 /* SwiftUIExamples */ = {
			isa = PBXNativeTarget;
			buildConfigurationList = 3267596122D8CA9400C81260 /* Build configuration list for PBXNativeTarget "SwiftUIExamples" */;
			buildPhases = (
				3267594922D8CA9300C81260 /* Sources */,
				3267594A22D8CA9300C81260 /* Frameworks */,
				3267594B22D8CA9300C81260 /* Resources */,
			);
			buildRules = (
			);
			dependencies = (
			);
			name = SwiftUIExamples;
			productName = SwiftUIExamples;
			productReference = 3267594D22D8CA9300C81260 /* SwiftUIExamples.app */;
			productType = "com.apple.product-type.application";
		};
		3267596722D8CAAA00C81260 /* AppStore */ = {
			isa = PBXNativeTarget;
			buildConfigurationList = 3267597922D8CAAB00C81260 /* Build configuration list for PBXNativeTarget "AppStore" */;
			buildPhases = (
				3267596422D8CAAA00C81260 /* Sources */,
				3267596522D8CAAA00C81260 /* Frameworks */,
				3267596622D8CAAA00C81260 /* Resources */,
			);
			buildRules = (
			);
			dependencies = (
			);
			name = AppStore;
			productName = AppStore;
			productReference = 3267596822D8CAAA00C81260 /* AppStore.app */;
			productType = "com.apple.product-type.application";
		};
/* End PBXNativeTarget section */

/* Begin PBXProject section */
		3267594522D8CA9300C81260 /* Project object */ = {
			isa = PBXProject;
			attributes = {
				LastSwiftUpdateCheck = 1100;
				LastUpgradeCheck = 1100;
				ORGANIZATIONNAME = "Jake Young";
				TargetAttributes = {
					3267594C22D8CA9300C81260 = {
						CreatedOnToolsVersion = 11.0;
					};
					3267596722D8CAAA00C81260 = {
						CreatedOnToolsVersion = 11.0;
					};
				};
			};
			buildConfigurationList = 3267594822D8CA9300C81260 /* Build configuration list for PBXProject "SwiftUIExamples" */;
			compatibilityVersion = "Xcode 9.3";
			developmentRegion = en;
			hasScannedForEncodings = 0;
			knownRegions = (
				en,
				Base,
			);
			mainGroup = 3267594422D8CA9300C81260;
			productRefGroup = 3267594E22D8CA9300C81260 /* Products */;
			projectDirPath = "";
			projectRoot = "";
			targets = (
				3267594C22D8CA9300C81260 /* SwiftUIExamples */,
				3267596722D8CAAA00C81260 /* AppStore */,
			);
		};
/* End PBXProject section */

/* Begin PBXResourcesBuildPhase section */
		3267594B22D8CA9300C81260 /* Resources */ = {
			isa = PBXResourcesBuildPhase;
			buildActionMask = 2147483647;
			files = (
				3267595D22D8CA9400C81260 /* LaunchScreen.storyboard in Resources */,
				3267595A22D8CA9400C81260 /* Preview Assets.xcassets in Resources */,
				3267595722D8CA9400C81260 /* Assets.xcassets in Resources */,
			);
			runOnlyForDeploymentPostprocessing = 0;
		};
		3267596622D8CAAA00C81260 /* Resources */ = {
			isa = PBXResourcesBuildPhase;
			buildActionMask = 2147483647;
			files = (
				3267597722D8CAAB00C81260 /* LaunchScreen.storyboard in Resources */,
				3267597422D8CAAB00C81260 /* Preview Assets.xcassets in Resources */,
				3267597122D8CAAB00C81260 /* Assets.xcassets in Resources */,
			);
			runOnlyForDeploymentPostprocessing = 0;
		};
/* End PBXResourcesBuildPhase section */

/* Begin PBXSourcesBuildPhase section */
		3267594922D8CA9300C81260 /* Sources */ = {
			isa = PBXSourcesBuildPhase;
			buildActionMask = 2147483647;
			files = (
				3267595122D8CA9300C81260 /* AppDelegate.swift in Sources */,
				3267595322D8CA9300C81260 /* SceneDelegate.swift in Sources */,
				3267595522D8CA9300C81260 /* ContentView.swift in Sources */,
			);
			runOnlyForDeploymentPostprocessing = 0;
		};
		3267596422D8CAAA00C81260 /* Sources */ = {
			isa = PBXSourcesBuildPhase;
			buildActionMask = 2147483647;
			files = (
				3267596B22D8CAAA00C81260 /* AppDelegate.swift in Sources */,
				3267596D22D8CAAA00C81260 /* SceneDelegate.swift in Sources */,
				3267597F22D8CBFA00C81260 /* TodayView.swift in Sources */,
				3267596F22D8CAAA00C81260 /* ContentView.swift in Sources */,
			);
			runOnlyForDeploymentPostprocessing = 0;
		};
/* End PBXSourcesBuildPhase section */

/* Begin PBXVariantGroup section */
		3267595B22D8CA9400C81260 /* LaunchScreen.storyboard */ = {
			isa = PBXVariantGroup;
			children = (
				3267595C22D8CA9400C81260 /* Base */,
			);
			name = LaunchScreen.storyboard;
			sourceTree = "<group>";
		};
		3267597522D8CAAB00C81260 /* LaunchScreen.storyboard */ = {
			isa = PBXVariantGroup;
			children = (
				3267597622D8CAAB00C81260 /* Base */,
			);
			name = LaunchScreen.storyboard;
			sourceTree = "<group>";
		};
/* End PBXVariantGroup section */

/* Begin XCBuildConfiguration section */
		3267595F22D8CA9400C81260 /* Debug */ = {
			isa = XCBuildConfiguration;
			buildSettings = {
				ALWAYS_SEARCH_USER_PATHS = NO;
				CLANG_ANALYZER_NONNULL = YES;
				CLANG_ANALYZER_NUMBER_OBJECT_CONVERSION = YES_AGGRESSIVE;
				CLANG_CXX_LANGUAGE_STANDARD = "gnu++14";
				CLANG_CXX_LIBRARY = "libc++";
				CLANG_ENABLE_MODULES = YES;
				CLANG_ENABLE_OBJC_ARC = YES;
				CLANG_ENABLE_OBJC_WEAK = YES;
				CLANG_WARN_BLOCK_CAPTURE_AUTORELEASING = YES;
				CLANG_WARN_BOOL_CONVERSION = YES;
				CLANG_WARN_COMMA = YES;
				CLANG_WARN_CONSTANT_CONVERSION = YES;
				CLANG_WARN_DEPRECATED_OBJC_IMPLEMENTATIONS = YES;
				CLANG_WARN_DIRECT_OBJC_ISA_USAGE = YES_ERROR;
				CLANG_WARN_DOCUMENTATION_COMMENTS = YES;
				CLANG_WARN_EMPTY_BODY = YES;
				CLANG_WARN_ENUM_CONVERSION = YES;
				CLANG_WARN_INFINITE_RECURSION = YES;
				CLANG_WARN_INT_CONVERSION = YES;
				CLANG_WARN_NON_LITERAL_NULL_CONVERSION = YES;
				CLANG_WARN_OBJC_IMPLICIT_RETAIN_SELF = YES;
				CLANG_WARN_OBJC_LITERAL_CONVERSION = YES;
				CLANG_WARN_OBJC_ROOT_CLASS = YES_ERROR;
				CLANG_WARN_RANGE_LOOP_ANALYSIS = YES;
				CLANG_WARN_STRICT_PROTOTYPES = YES;
				CLANG_WARN_SUSPICIOUS_MOVE = YES;
				CLANG_WARN_UNGUARDED_AVAILABILITY = YES_AGGRESSIVE;
				CLANG_WARN_UNREACHABLE_CODE = YES;
				CLANG_WARN__DUPLICATE_METHOD_MATCH = YES;
				COPY_PHASE_STRIP = NO;
				DEBUG_INFORMATION_FORMAT = dwarf;
				ENABLE_STRICT_OBJC_MSGSEND = YES;
				ENABLE_TESTABILITY = YES;
				GCC_C_LANGUAGE_STANDARD = gnu11;
				GCC_DYNAMIC_NO_PIC = NO;
				GCC_NO_COMMON_BLOCKS = YES;
				GCC_OPTIMIZATION_LEVEL = 0;
				GCC_PREPROCESSOR_DEFINITIONS = (
					"DEBUG=1",
					"$(inherited)",
				);
				GCC_WARN_64_TO_32_BIT_CONVERSION = YES;
				GCC_WARN_ABOUT_RETURN_TYPE = YES_ERROR;
				GCC_WARN_UNDECLARED_SELECTOR = YES;
				GCC_WARN_UNINITIALIZED_AUTOS = YES_AGGRESSIVE;
				GCC_WARN_UNUSED_FUNCTION = YES;
				GCC_WARN_UNUSED_VARIABLE = YES;
				IPHONEOS_DEPLOYMENT_TARGET = 13.0;
				MTL_ENABLE_DEBUG_INFO = INCLUDE_SOURCE;
				MTL_FAST_MATH = YES;
				ONLY_ACTIVE_ARCH = YES;
				SDKROOT = iphoneos;
				SWIFT_ACTIVE_COMPILATION_CONDITIONS = DEBUG;
				SWIFT_OPTIMIZATION_LEVEL = "-Onone";
			};
			name = Debug;
		};
		3267596022D8CA9400C81260 /* Release */ = {
			isa = XCBuildConfiguration;
			buildSettings = {
				ALWAYS_SEARCH_USER_PATHS = NO;
				CLANG_ANALYZER_NONNULL = YES;
				CLANG_ANALYZER_NUMBER_OBJECT_CONVERSION = YES_AGGRESSIVE;
				CLANG_CXX_LANGUAGE_STANDARD = "gnu++14";
				CLANG_CXX_LIBRARY = "libc++";
				CLANG_ENABLE_MODULES = YES;
				CLANG_ENABLE_OBJC_ARC = YES;
				CLANG_ENABLE_OBJC_WEAK = YES;
				CLANG_WARN_BLOCK_CAPTURE_AUTORELEASING = YES;
				CLANG_WARN_BOOL_CONVERSION = YES;
				CLANG_WARN_COMMA = YES;
				CLANG_WARN_CONSTANT_CONVERSION = YES;
				CLANG_WARN_DEPRECATED_OBJC_IMPLEMENTATIONS = YES;
				CLANG_WARN_DIRECT_OBJC_ISA_USAGE = YES_ERROR;
				CLANG_WARN_DOCUMENTATION_COMMENTS = YES;
				CLANG_WARN_EMPTY_BODY = YES;
				CLANG_WARN_ENUM_CONVERSION = YES;
				CLANG_WARN_INFINITE_RECURSION = YES;
				CLANG_WARN_INT_CONVERSION = YES;
				CLANG_WARN_NON_LITERAL_NULL_CONVERSION = YES;
				CLANG_WARN_OBJC_IMPLICIT_RETAIN_SELF = YES;
				CLANG_WARN_OBJC_LITERAL_CONVERSION = YES;
				CLANG_WARN_OBJC_ROOT_CLASS = YES_ERROR;
				CLANG_WARN_RANGE_LOOP_ANALYSIS = YES;
				CLANG_WARN_STRICT_PROTOTYPES = YES;
				CLANG_WARN_SUSPICIOUS_MOVE = YES;
				CLANG_WARN_UNGUARDED_AVAILABILITY = YES_AGGRESSIVE;
				CLANG_WARN_UNREACHABLE_CODE = YES;
				CLANG_WARN__DUPLICATE_METHOD_MATCH = YES;
				COPY_PHASE_STRIP = NO;
				DEBUG_INFORMATION_FORMAT = "dwarf-with-dsym";
				ENABLE_NS_ASSERTIONS = NO;
				ENABLE_STRICT_OBJC_MSGSEND = YES;
				GCC_C_LANGUAGE_STANDARD = gnu11;
				GCC_NO_COMMON_BLOCKS = YES;
				GCC_WARN_64_TO_32_BIT_CONVERSION = YES;
				GCC_WARN_ABOUT_RETURN_TYPE = YES_ERROR;
				GCC_WARN_UNDECLARED_SELECTOR = YES;
				GCC_WARN_UNINITIALIZED_AUTOS = YES_AGGRESSIVE;
				GCC_WARN_UNUSED_FUNCTION = YES;
				GCC_WARN_UNUSED_VARIABLE = YES;
				IPHONEOS_DEPLOYMENT_TARGET = 13.0;
				MTL_ENABLE_DEBUG_INFO = NO;
				MTL_FAST_MATH = YES;
				SDKROOT = iphoneos;
				SWIFT_COMPILATION_MODE = wholemodule;
				SWIFT_OPTIMIZATION_LEVEL = "-O";
				VALIDATE_PRODUCT = YES;
			};
			name = Release;
		};
		3267596222D8CA9400C81260 /* Debug */ = {
			isa = XCBuildConfiguration;
			buildSettings = {
				ASSETCATALOG_COMPILER_APPICON_NAME = AppIcon;
				CODE_SIGN_STYLE = Automatic;
				DEVELOPMENT_ASSET_PATHS = "SwiftUIExamples/Preview\\ Content";
				DEVELOPMENT_TEAM = W8267A73DN;
				ENABLE_PREVIEWS = YES;
				INFOPLIST_FILE = SwiftUIExamples/Info.plist;
				LD_RUNPATH_SEARCH_PATHS = (
					"$(inherited)",
					"@executable_path/Frameworks",
				);
				PRODUCT_BUNDLE_IDENTIFIER = com.jakeyoung.SwiftUIExamples;
				PRODUCT_NAME = "$(TARGET_NAME)";
				SWIFT_VERSION = 5.0;
				TARGETED_DEVICE_FAMILY = "1,2";
			};
			name = Debug;
		};
		3267596322D8CA9400C81260 /* Release */ = {
			isa = XCBuildConfiguration;
			buildSettings = {
				ASSETCATALOG_COMPILER_APPICON_NAME = AppIcon;
				CODE_SIGN_STYLE = Automatic;
				DEVELOPMENT_ASSET_PATHS = "SwiftUIExamples/Preview\\ Content";
				DEVELOPMENT_TEAM = W8267A73DN;
				ENABLE_PREVIEWS = YES;
				INFOPLIST_FILE = SwiftUIExamples/Info.plist;
				LD_RUNPATH_SEARCH_PATHS = (
					"$(inherited)",
					"@executable_path/Frameworks",
				);
				PRODUCT_BUNDLE_IDENTIFIER = com.jakeyoung.SwiftUIExamples;
				PRODUCT_NAME = "$(TARGET_NAME)";
				SWIFT_VERSION = 5.0;
				TARGETED_DEVICE_FAMILY = "1,2";
			};
			name = Release;
		};
		3267597A22D8CAAB00C81260 /* Debug */ = {
			isa = XCBuildConfiguration;
			buildSettings = {
				ASSETCATALOG_COMPILER_APPICON_NAME = AppIcon;
				CODE_SIGN_STYLE = Automatic;
				DEVELOPMENT_ASSET_PATHS = "AppStore/Preview\\ Content";
				DEVELOPMENT_TEAM = W8267A73DN;
				ENABLE_PREVIEWS = YES;
				INFOPLIST_FILE = AppStore/Info.plist;
				LD_RUNPATH_SEARCH_PATHS = (
					"$(inherited)",
					"@executable_path/Frameworks",
				);
				PRODUCT_BUNDLE_IDENTIFIER = com.jakeyoung.AppStore;
				PRODUCT_NAME = "$(TARGET_NAME)";
				SWIFT_VERSION = 5.0;
				TARGETED_DEVICE_FAMILY = "1,2";
			};
			name = Debug;
		};
		3267597B22D8CAAB00C81260 /* Release */ = {
			isa = XCBuildConfiguration;
			buildSettings = {
				ASSETCATALOG_COMPILER_APPICON_NAME = AppIcon;
				CODE_SIGN_STYLE = Automatic;
				DEVELOPMENT_ASSET_PATHS = "AppStore/Preview\\ Content";
				DEVELOPMENT_TEAM = W8267A73DN;
				ENABLE_PREVIEWS = YES;
				INFOPLIST_FILE = AppStore/Info.plist;
				LD_RUNPATH_SEARCH_PATHS = (
					"$(inherited)",
					"@executable_path/Frameworks",
				);
				PRODUCT_BUNDLE_IDENTIFIER = com.jakeyoung.AppStore;
				PRODUCT_NAME = "$(TARGET_NAME)";
				SWIFT_VERSION = 5.0;
				TARGETED_DEVICE_FAMILY = "1,2";
			};
			name = Release;
		};
/* End XCBuildConfiguration section */

/* Begin XCConfigurationList section */
		3267594822D8CA9300C81260 /* Build configuration list for PBXProject "SwiftUIExamples" */ = {
			isa = XCConfigurationList;
			buildConfigurations = (
				3267595F22D8CA9400C81260 /* Debug */,
				3267596022D8CA9400C81260 /* Release */,
			);
			defaultConfigurationIsVisible = 0;
			defaultConfigurationName = Release;
		};
		3267596122D8CA9400C81260 /* Build configuration list for PBXNativeTarget "SwiftUIExamples" */ = {
			isa = XCConfigurationList;
			buildConfigurations = (
				3267596222D8CA9400C81260 /* Debug */,
				3267596322D8CA9400C81260 /* Release */,
			);
			defaultConfigurationIsVisible = 0;
			defaultConfigurationName = Release;
		};
		3267597922D8CAAB00C81260 /* Build configuration list for PBXNativeTarget "AppStore" */ = {
			isa = XCConfigurationList;
			buildConfigurations = (
				3267597A22D8CAAB00C81260 /* Debug */,
				3267597B22D8CAAB00C81260 /* Release */,
			);
			defaultConfigurationIsVisible = 0;
			defaultConfigurationName = Release;
		};
/* End XCConfigurationList section */
	};
	rootObject = 3267594522D8CA9300C81260 /* Project object */;
}
